
Microsoft Visual Studio Solution File, Format Version 12.00
# Visual Studio Version 17
VisualStudioVersion = 17.11.35222.181
MinimumVisualStudioVersion = 10.0.40219.1
Project("{FAE04EC0-301F-11D3-BF4B-00C04F79EFBC}") = "Fall2024-Assignment3-aeburton3", "Fall2024-Assignment3-aeburton3.csproj", "{4AA4D36E-C710-4258-9123-5927586BA6A5}"
EndProject
Global
	GlobalSection(SolutionConfigurationPlatforms) = preSolution
		Debug|Any CPU = Debug|Any CPU
		Release|Any CPU = Release|Any CPU
	EndGlobalSection
	GlobalSection(ProjectConfigurationPlatforms) = postSolution
		{4AA4D36E-C710-4258-9123-5927586BA6A5}.Debug|Any CPU.ActiveCfg = Debug|Any CPU
		{4AA4D36E-C710-4258-9123-5927586BA6A5}.Debug|Any CPU.Build.0 = Debug|Any CPU
		{4AA4D36E-C710-4258-9123-5927586BA6A5}.Release|Any CPU.ActiveCfg = Release|Any CPU
		{4AA4D36E-C710-4258-9123-5927586BA6A5}.Release|Any CPU.Build.0 = Release|Any CPU
	EndGlobalSection
	GlobalSection(SolutionProperties) = preSolution
		HideSolutionNode = FALSE
	EndGlobalSection
	GlobalSection(ExtensibilityGlobals) = postSolution
		SolutionGuid = {74B271D7-2DE4-40ED-AC0E-D86A3964815D}
	EndGlobalSection
EndGlobal
